
Microsoft Visual Studio Solution File, Format Version 12.00
# Visual Studio Version 16
VisualStudioVersion = 16.0.29509.3
MinimumVisualStudioVersion = 10.0.40219.1
Project("{FAE04EC0-301F-11D3-BF4B-00C04F79EFBC}") = "NeronConsoleAPP", "NeronConsoleAPP\NeronConsoleAPP.csproj", "{416730E9-A870-489F-95E1-EDE384B6DD16}"
EndProject
Global
	GlobalSection(SolutionConfigurationPlatforms) = preSolution
		Debug|Any CPU = Debug|Any CPU
		Release|Any CPU = Release|Any CPU
	EndGlobalSection
	GlobalSection(ProjectConfigurationPlatforms) = postSolution
		{416730E9-A870-489F-95E1-EDE384B6DD16}.Debug|Any CPU.ActiveCfg = Debug|Any CPU
		{416730E9-A870-489F-95E1-EDE384B6DD16}.Debug|Any CPU.Build.0 = Debug|Any CPU
		{416730E9-A870-489F-95E1-EDE384B6DD16}.Release|Any CPU.ActiveCfg = Release|Any CPU
		{416730E9-A870-489F-95E1-EDE384B6DD16}.Release|Any CPU.Build.0 = Release|Any CPU
	EndGlobalSection
	GlobalSection(SolutionProperties) = preSolution
		HideSolutionNode = FALSE
	EndGlobalSection
	GlobalSection(ExtensibilityGlobals) = postSolution
		SolutionGuid = {9091092E-A15A-4590-B30A-1960DF4FB8B1}
	EndGlobalSection
EndGlobal
